{
  "name": "parasharrajat-resume",
  "version": "1.0.0",
  "lockfileVersion": 1,
  "requires": true,
  "dependencies": {
    "@webcomponents/webcomponentsjs": {
      "version": "2.3.0",
      "resolved": "https://registry.npmjs.org/@webcomponents/webcomponentsjs/-/webcomponentsjs-2.3.0.tgz",
      "integrity": "sha512-sR6FOrNnnncRuoJDqq9QxtRsJMbIvASw4vnJwIYKVlKO3AMc+NAr/bIQNnUiTTE9pBDTJkFpVaUdjJaRdsjmyA=="
    }
  }
}
